
Microsoft Visual Studio Solution File, Format Version 12.00
# Visual Studio Version 17
VisualStudioVersion = 17.4.33122.133
MinimumVisualStudioVersion = 10.0.40219.1
Project("{FAE04EC0-301F-11D3-BF4B-00C04F79EFBC}") = "MatrixSquare", "MatrixSquare\MatrixSquare.csproj", "{E88CA4D9-9A8D-4A2B-AF99-CAEE0E9C48B7}"
EndProject
Global
	GlobalSection(SolutionConfigurationPlatforms) = preSolution
		Debug|Any CPU = Debug|Any CPU
		Release|Any CPU = Release|Any CPU
	EndGlobalSection
	GlobalSection(ProjectConfigurationPlatforms) = postSolution
		{E88CA4D9-9A8D-4A2B-AF99-CAEE0E9C48B7}.Debug|Any CPU.ActiveCfg = Debug|Any CPU
		{E88CA4D9-9A8D-4A2B-AF99-CAEE0E9C48B7}.Debug|Any CPU.Build.0 = Debug|Any CPU
		{E88CA4D9-9A8D-4A2B-AF99-CAEE0E9C48B7}.Release|Any CPU.ActiveCfg = Release|Any CPU
		{E88CA4D9-9A8D-4A2B-AF99-CAEE0E9C48B7}.Release|Any CPU.Build.0 = Release|Any CPU
	EndGlobalSection
	GlobalSection(SolutionProperties) = preSolution
		HideSolutionNode = FALSE
	EndGlobalSection
	GlobalSection(ExtensibilityGlobals) = postSolution
		SolutionGuid = {3031781A-9397-4ACC-8854-E27FB6076B8C}
	EndGlobalSection
EndGlobal
